
Microsoft Visual Studio Solution File, Format Version 12.00
# Visual Studio 15
VisualStudioVersion = 15.0.27428.2037
MinimumVisualStudioVersion = 10.0.40219.1
Project("{FAE04EC0-301F-11D3-BF4B-00C04F79EFBC}") = "TinyCSVToES", "TinyCSVToES\TinyCSVToES.csproj", "{6077685C-8EC1-4D78-BC98-860E4E33BC37}"
EndProject
Global
	GlobalSection(SolutionConfigurationPlatforms) = preSolution
		Debug|Any CPU = Debug|Any CPU
		Release|Any CPU = Release|Any CPU
	EndGlobalSection
	GlobalSection(ProjectConfigurationPlatforms) = postSolution
		{6077685C-8EC1-4D78-BC98-860E4E33BC37}.Debug|Any CPU.ActiveCfg = Debug|Any CPU
		{6077685C-8EC1-4D78-BC98-860E4E33BC37}.Debug|Any CPU.Build.0 = Debug|Any CPU
		{6077685C-8EC1-4D78-BC98-860E4E33BC37}.Release|Any CPU.ActiveCfg = Release|Any CPU
		{6077685C-8EC1-4D78-BC98-860E4E33BC37}.Release|Any CPU.Build.0 = Release|Any CPU
	EndGlobalSection
	GlobalSection(SolutionProperties) = preSolution
		HideSolutionNode = FALSE
	EndGlobalSection
	GlobalSection(ExtensibilityGlobals) = postSolution
		SolutionGuid = {2835BEC8-9DF9-444E-AFD0-B93F1B2C6C3D}
	EndGlobalSection
EndGlobal
